
Microsoft Visual Studio Solution File, Format Version 12.00
# Visual Studio Version 17
VisualStudioVersion = 17.14.36408.4
MinimumVisualStudioVersion = 10.0.40219.1
Project("{FAE04EC0-301F-11D3-BF4B-00C04F79EFBC}") = "CaveBlazer", "CaveBlazer\CaveBlazer.csproj", "{D3DC27B1-F539-458C-8543-81F73D3F5801}"
EndProject
Project("{FAE04EC0-301F-11D3-BF4B-00C04F79EFBC}") = "ClockworkBackend", "..\..\clockwork-engine\ClockworkEngine\ClockworkBackend\ClockworkBackend.csproj", "{55576AEC-026C-4C18-DB8E-F9704D13FC93}"
EndProject
Project("{FAE04EC0-301F-11D3-BF4B-00C04F79EFBC}") = "ClockworkEngine", "..\..\clockwork-engine\ClockworkEngine\ClockworkEngine\ClockworkEngine.csproj", "{588B2614-ECE8-4EB1-BB56-16366BE52817}"
EndProject
Project("{FAE04EC0-301F-11D3-BF4B-00C04F79EFBC}") = "ClockworkLDTKImporter", "..\..\clockwork-ldtk-importer\ClockworkLDTKImporter\ClockworkLDTKImporter\ClockworkLDTKImporter.csproj", "{577251BC-C200-23C4-A72C-50786D7D4275}"
EndProject
Global
	GlobalSection(SolutionConfigurationPlatforms) = preSolution
		Debug|Any CPU = Debug|Any CPU
		Release|Any CPU = Release|Any CPU
	EndGlobalSection
	GlobalSection(ProjectConfigurationPlatforms) = postSolution
		{D3DC27B1-F539-458C-8543-81F73D3F5801}.Debug|Any CPU.ActiveCfg = Debug|Any CPU
		{D3DC27B1-F539-458C-8543-81F73D3F5801}.Debug|Any CPU.Build.0 = Debug|Any CPU
		{D3DC27B1-F539-458C-8543-81F73D3F5801}.Release|Any CPU.ActiveCfg = Release|Any CPU
		{D3DC27B1-F539-458C-8543-81F73D3F5801}.Release|Any CPU.Build.0 = Release|Any CPU
		{55576AEC-026C-4C18-DB8E-F9704D13FC93}.Debug|Any CPU.ActiveCfg = Debug|Any CPU
		{55576AEC-026C-4C18-DB8E-F9704D13FC93}.Debug|Any CPU.Build.0 = Debug|Any CPU
		{55576AEC-026C-4C18-DB8E-F9704D13FC93}.Release|Any CPU.ActiveCfg = Release|Any CPU
		{55576AEC-026C-4C18-DB8E-F9704D13FC93}.Release|Any CPU.Build.0 = Release|Any CPU
		{588B2614-ECE8-4EB1-BB56-16366BE52817}.Debug|Any CPU.ActiveCfg = Debug|Any CPU
		{588B2614-ECE8-4EB1-BB56-16366BE52817}.Debug|Any CPU.Build.0 = Debug|Any CPU
		{588B2614-ECE8-4EB1-BB56-16366BE52817}.Release|Any CPU.ActiveCfg = Release|Any CPU
		{588B2614-ECE8-4EB1-BB56-16366BE52817}.Release|Any CPU.Build.0 = Release|Any CPU
		{577251BC-C200-23C4-A72C-50786D7D4275}.Debug|Any CPU.ActiveCfg = Debug|Any CPU
		{577251BC-C200-23C4-A72C-50786D7D4275}.Debug|Any CPU.Build.0 = Debug|Any CPU
		{577251BC-C200-23C4-A72C-50786D7D4275}.Release|Any CPU.ActiveCfg = Release|Any CPU
		{577251BC-C200-23C4-A72C-50786D7D4275}.Release|Any CPU.Build.0 = Release|Any CPU
	EndGlobalSection
	GlobalSection(SolutionProperties) = preSolution
		HideSolutionNode = FALSE
	EndGlobalSection
	GlobalSection(ExtensibilityGlobals) = postSolution
		SolutionGuid = {E802CC4F-83C7-4EE4-9B1F-9B73E41AA8E8}
	EndGlobalSection
EndGlobal
